
Microsoft Visual Studio Solution File, Format Version 12.00
# Visual Studio Version 17
VisualStudioVersion = 17.9.34728.123
MinimumVisualStudioVersion = 10.0.40219.1
Project("{9A19103F-16F7-4668-BE54-9A1E7A4F7556}") = "CourseProvider", "CourseProvider\CourseProvider.csproj", "{955D58C1-B47C-4932-9BDA-C0FDB6588288}"
EndProject
Project("{9A19103F-16F7-4668-BE54-9A1E7A4F7556}") = "Data", "Data\Data.csproj", "{4C0617C5-C9B7-4987-B378-571C21745CAA}"
EndProject
Global
	GlobalSection(SolutionConfigurationPlatforms) = preSolution
		Debug|Any CPU = Debug|Any CPU
		Release|Any CPU = Release|Any CPU
	EndGlobalSection
	GlobalSection(ProjectConfigurationPlatforms) = postSolution
		{955D58C1-B47C-4932-9BDA-C0FDB6588288}.Debug|Any CPU.ActiveCfg = Debug|Any CPU
		{955D58C1-B47C-4932-9BDA-C0FDB6588288}.Debug|Any CPU.Build.0 = Debug|Any CPU
		{955D58C1-B47C-4932-9BDA-C0FDB6588288}.Release|Any CPU.ActiveCfg = Release|Any CPU
		{955D58C1-B47C-4932-9BDA-C0FDB6588288}.Release|Any CPU.Build.0 = Release|Any CPU
		{4C0617C5-C9B7-4987-B378-571C21745CAA}.Debug|Any CPU.ActiveCfg = Debug|Any CPU
		{4C0617C5-C9B7-4987-B378-571C21745CAA}.Debug|Any CPU.Build.0 = Debug|Any CPU
		{4C0617C5-C9B7-4987-B378-571C21745CAA}.Release|Any CPU.ActiveCfg = Release|Any CPU
		{4C0617C5-C9B7-4987-B378-571C21745CAA}.Release|Any CPU.Build.0 = Release|Any CPU
	EndGlobalSection
	GlobalSection(SolutionProperties) = preSolution
		HideSolutionNode = FALSE
	EndGlobalSection
	GlobalSection(ExtensibilityGlobals) = postSolution
		SolutionGuid = {80CDB7FB-4263-4A9B-840A-777169419966}
	EndGlobalSection
EndGlobal
